
Microsoft Visual Studio Solution File, Format Version 12.00
# Visual Studio Version 17
VisualStudioVersion = 17.7.34003.232
MinimumVisualStudioVersion = 10.0.40219.1
Project("{2150E333-8FDC-42A3-9474-1A3956D46DE8}") = "src", "src", "{566C4A1D-03E2-4C87-A89B-38F43D2F63A4}"
EndProject
Project("{2150E333-8FDC-42A3-9474-1A3956D46DE8}") = "Core", "Core", "{C0AECED0-5D85-4960-9D9E-0C6F73A90F97}"
EndProject
Project("{2150E333-8FDC-42A3-9474-1A3956D46DE8}") = "PresentaitonLayer", "PresentaitonLayer", "{593E7FC5-E288-4E35-BA32-CB8BCEBE5A92}"
EndProject
Project("{2150E333-8FDC-42A3-9474-1A3956D46DE8}") = "Infrastructure", "Infrastructure", "{455B5403-64CF-463C-9EC4-FBFBC3E8823B}"
EndProject
Project("{2150E333-8FDC-42A3-9474-1A3956D46DE8}") = "test", "test", "{16E46B49-4040-41AC-9DC3-A7B0AD015168}"
EndProject
Project("{9A19103F-16F7-4668-BE54-9A1E7A4F7556}") = "HarvestFinance.Domain", "HarvestFinance.Domain\HarvestFinance.Domain.csproj", "{6B963BFD-165B-453C-8F83-1E8BF25724E4}"
EndProject
Project("{9A19103F-16F7-4668-BE54-9A1E7A4F7556}") = "DataAccess", "DataAccess\DataAccess.csproj", "{8B373CAA-5D7F-44A5-B1BF-6BE9853D7182}"
EndProject
Project("{9A19103F-16F7-4668-BE54-9A1E7A4F7556}") = "HarvestFinance.WebApi_V2", "HarvestFinance.WebApi_V2\HarvestFinance.WebApi_V2.csproj", "{F379D925-F746-421F-8D57-B7CDF17E08E8}"
EndProject
Global
	GlobalSection(SolutionConfigurationPlatforms) = preSolution
		Debug|Any CPU = Debug|Any CPU
		Release|Any CPU = Release|Any CPU
	EndGlobalSection
	GlobalSection(ProjectConfigurationPlatforms) = postSolution
		{6B963BFD-165B-453C-8F83-1E8BF25724E4}.Debug|Any CPU.ActiveCfg = Debug|Any CPU
		{6B963BFD-165B-453C-8F83-1E8BF25724E4}.Debug|Any CPU.Build.0 = Debug|Any CPU
		{6B963BFD-165B-453C-8F83-1E8BF25724E4}.Release|Any CPU.ActiveCfg = Release|Any CPU
		{6B963BFD-165B-453C-8F83-1E8BF25724E4}.Release|Any CPU.Build.0 = Release|Any CPU
		{8B373CAA-5D7F-44A5-B1BF-6BE9853D7182}.Debug|Any CPU.ActiveCfg = Debug|Any CPU
		{8B373CAA-5D7F-44A5-B1BF-6BE9853D7182}.Debug|Any CPU.Build.0 = Debug|Any CPU
		{8B373CAA-5D7F-44A5-B1BF-6BE9853D7182}.Release|Any CPU.ActiveCfg = Release|Any CPU
		{8B373CAA-5D7F-44A5-B1BF-6BE9853D7182}.Release|Any CPU.Build.0 = Release|Any CPU
		{F379D925-F746-421F-8D57-B7CDF17E08E8}.Debug|Any CPU.ActiveCfg = Debug|Any CPU
		{F379D925-F746-421F-8D57-B7CDF17E08E8}.Debug|Any CPU.Build.0 = Debug|Any CPU
		{F379D925-F746-421F-8D57-B7CDF17E08E8}.Release|Any CPU.ActiveCfg = Release|Any CPU
		{F379D925-F746-421F-8D57-B7CDF17E08E8}.Release|Any CPU.Build.0 = Release|Any CPU
	EndGlobalSection
	GlobalSection(SolutionProperties) = preSolution
		HideSolutionNode = FALSE
	EndGlobalSection
	GlobalSection(NestedProjects) = preSolution
		{C0AECED0-5D85-4960-9D9E-0C6F73A90F97} = {566C4A1D-03E2-4C87-A89B-38F43D2F63A4}
		{593E7FC5-E288-4E35-BA32-CB8BCEBE5A92} = {566C4A1D-03E2-4C87-A89B-38F43D2F63A4}
		{455B5403-64CF-463C-9EC4-FBFBC3E8823B} = {566C4A1D-03E2-4C87-A89B-38F43D2F63A4}
		{6B963BFD-165B-453C-8F83-1E8BF25724E4} = {C0AECED0-5D85-4960-9D9E-0C6F73A90F97}
		{8B373CAA-5D7F-44A5-B1BF-6BE9853D7182} = {455B5403-64CF-463C-9EC4-FBFBC3E8823B}
		{F379D925-F746-421F-8D57-B7CDF17E08E8} = {593E7FC5-E288-4E35-BA32-CB8BCEBE5A92}
	EndGlobalSection
	GlobalSection(ExtensibilityGlobals) = postSolution
		SolutionGuid = {E0AA5476-FAB1-4745-93BA-DD4B2B5F0714}
	EndGlobalSection
EndGlobal
